
Microsoft Visual Studio Solution File, Format Version 12.00
# Visual Studio Version 17
VisualStudioVersion = 17.2.32526.322
MinimumVisualStudioVersion = 10.0.40219.1
Project("{FAE04EC0-301F-11D3-BF4B-00C04F79EFBC}") = "SiparisApp", "SiparisApp\SiparisApp.csproj", "{0CFD1A84-337F-47CF-BB55-F01B2A8F944B}"
EndProject
Project("{FAE04EC0-301F-11D3-BF4B-00C04F79EFBC}") = "SiparisApp.Data", "SiparisApp.Data\SiparisApp.Data.csproj", "{2501C6C9-46D8-4F9B-A086-5BA3C4F6181D}"
EndProject
Global
	GlobalSection(SolutionConfigurationPlatforms) = preSolution
		Debug|Any CPU = Debug|Any CPU
		Release|Any CPU = Release|Any CPU
	EndGlobalSection
	GlobalSection(ProjectConfigurationPlatforms) = postSolution
		{0CFD1A84-337F-47CF-BB55-F01B2A8F944B}.Debug|Any CPU.ActiveCfg = Debug|Any CPU
		{0CFD1A84-337F-47CF-BB55-F01B2A8F944B}.Debug|Any CPU.Build.0 = Debug|Any CPU
		{0CFD1A84-337F-47CF-BB55-F01B2A8F944B}.Release|Any CPU.ActiveCfg = Release|Any CPU
		{0CFD1A84-337F-47CF-BB55-F01B2A8F944B}.Release|Any CPU.Build.0 = Release|Any CPU
		{2501C6C9-46D8-4F9B-A086-5BA3C4F6181D}.Debug|Any CPU.ActiveCfg = Debug|Any CPU
		{2501C6C9-46D8-4F9B-A086-5BA3C4F6181D}.Debug|Any CPU.Build.0 = Debug|Any CPU
		{2501C6C9-46D8-4F9B-A086-5BA3C4F6181D}.Release|Any CPU.ActiveCfg = Release|Any CPU
		{2501C6C9-46D8-4F9B-A086-5BA3C4F6181D}.Release|Any CPU.Build.0 = Release|Any CPU
	EndGlobalSection
	GlobalSection(SolutionProperties) = preSolution
		HideSolutionNode = FALSE
	EndGlobalSection
	GlobalSection(ExtensibilityGlobals) = postSolution
		SolutionGuid = {D0B10347-9545-4990-A94E-3CB31BF8D9BF}
	EndGlobalSection
EndGlobal
